// !$*UTF8*$!
{
	archiveVersion = 1;
	classes = {
	};
	objectVersion = 48;
	objects = {

/* Begin PBXBuildFile section */
		859D23DB1F8E16EE00AF8EDC /* AppDelegate.m in Sources */ = {isa = PBXBuildFile; fileRef = 859D23DA1F8E16EE00AF8EDC /* AppDelegate.m */; };
		859D23DE1F8E16EE00AF8EDC /* ViewController.m in Sources */ = {isa = PBXBuildFile; fileRef = 859D23DD1F8E16EE00AF8EDC /* ViewController.m */; };
		859D23E11F8E16EE00AF8EDC /* Main.storyboard in Resources */ = {isa = PBXBuildFile; fileRef = 859D23DF1F8E16EE00AF8EDC /* Main.storyboard */; };
		859D23E31F8E16EE00AF8EDC /* Assets.xcassets in Resources */ = {isa = PBXBuildFile; fileRef = 859D23E21F8E16EE00AF8EDC /* Assets.xcassets */; };
		859D23E61F8E16EE00AF8EDC /* LaunchScreen.storyboard in Resources */ = {isa = PBXBuildFile; fileRef = 859D23E41F8E16EE00AF8EDC /* LaunchScreen.storyboard */; };
		859D23E91F8E16EE00AF8EDC /* main.m in Sources */ = {isa = PBXBuildFile; fileRef = 859D23E81F8E16EE00AF8EDC /* main.m */; };
		859D23F31F8E16EE00AF8EDC /* try2Tests.m in Sources */ = {isa = PBXBuildFile; fileRef = 859D23F21F8E16EE00AF8EDC /* try2Tests.m */; };
		859D23FE1F8E16EE00AF8EDC /* try2UITests.m in Sources */ = {isa = PBXBuildFile; fileRef = 859D23FD1F8E16EE00AF8EDC /* try2UITests.m */; };
/* End PBXBuildFile section */

/* Begin PBXContainerItemProxy section */
		859D23EF1F8E16EE00AF8EDC /* PBXContainerItemProxy */ = {
			isa = PBXContainerItemProxy;
			containerPortal = 859D23CE1F8E16EE00AF8EDC /* Project object */;
			proxyType = 1;
			remoteGlobalIDString = 859D23D51F8E16EE00AF8EDC;
			remoteInfo = try2;
		};
		859D23FA1F8E16EE00AF8EDC /* PBXContainerItemProxy */ = {
			isa = PBXContainerItemProxy;
			containerPortal = 859D23CE1F8E16EE00AF8EDC /* Project object */;
			proxyType = 1;
			remoteGlobalIDString = 859D23D51F8E16EE00AF8EDC;
			remoteInfo = try2;
		};
/* End PBXContainerItemProxy section */

/* Begin PBXFileReference section */
		859D23D61F8E16EE00AF8EDC /* try2.app */ = {isa = PBXFileReference; explicitFileType = wrapper.application; includeInIndex = 0; path = try2.app; sourceTree = BUILT_PRODUCTS_DIR; };
		859D23D91F8E16EE00AF8EDC /* AppDelegate.h */ = {isa = PBXFileReference; lastKnownFileType = sourcecode.c.h; path = AppDelegate.h; sourceTree = "<group>"; };
		859D23DA1F8E16EE00AF8EDC /* AppDelegate.m */ = {isa = PBXFileReference; lastKnownFileType = sourcecode.c.objc; path = AppDelegate.m; sourceTree = "<group>"; };
		859D23DC1F8E16EE00AF8EDC /* ViewController.h */ = {isa = PBXFileReference; lastKnownFileType = sourcecode.c.h; path = ViewController.h; sourceTree = "<group>"; };
		859D23DD1F8E16EE00AF8EDC /* ViewController.m */ = {isa = PBXFileReference; lastKnownFileType = sourcecode.c.objc; path = ViewController.m; sourceTree = "<group>"; };
		859D23E01F8E16EE00AF8EDC /* Base */ = {isa = PBXFileReference; lastKnownFileType = file.storyboard; name = Base; path = Base.lproj/Main.storyboard; sourceTree = "<group>"; };
		859D23E21F8E16EE00AF8EDC /* Assets.xcassets */ = {isa = PBXFileReference; lastKnownFileType = folder.assetcatalog; path = Assets.xcassets; sourceTree = "<group>"; };
		859D23E51F8E16EE00AF8EDC /* Base */ = {isa = PBXFileReference; lastKnownFileType = file.storyboard; name = Base; path = Base.lproj/LaunchScreen.storyboard; sourceTree = "<group>"; };
		859D23E71F8E16EE00AF8EDC /* Info.plist */ = {isa = PBXFileReference; lastKnownFileType = text.plist.xml; path = Info.plist; sourceTree = "<group>"; };
		859D23E81F8E16EE00AF8EDC /* main.m */ = {isa = PBXFileReference; lastKnownFileType = sourcecode.c.objc; path = main.m; sourceTree = "<group>"; };
		859D23EE1F8E16EE00AF8EDC /* try2Tests.xctest */ = {isa = PBXFileReference; explicitFileType = wrapper.cfbundle; includeInIndex = 0; path = try2Tests.xctest; sourceTree = BUILT_PRODUCTS_DIR; };
		859D23F21F8E16EE00AF8EDC /* try2Tests.m */ = {isa = PBXFileReference; lastKnownFileType = sourcecode.c.objc; path = try2Tests.m; sourceTree = "<group>"; };
		859D23F41F8E16EE00AF8EDC /* Info.plist */ = {isa = PBXFileReference; lastKnownFileType = text.plist.xml; path = Info.plist; sourceTree = "<group>"; };
		859D23F91F8E16EE00AF8EDC /* try2UITests.xctest */ = {isa = PBXFileReference; explicitFileType = wrapper.cfbundle; includeInIndex = 0; path = try2UITests.xctest; sourceTree = BUILT_PRODUCTS_DIR; };
		859D23FD1F8E16EE00AF8EDC /* try2UITests.m */ = {isa = PBXFileReference; lastKnownFileType = sourcecode.c.objc; path = try2UITests.m; sourceTree = "<group>"; };
		859D23FF1F8E16EE00AF8EDC /* Info.plist */ = {isa = PBXFileReference; lastKnownFileType = text.plist.xml; path = Info.plist; sourceTree = "<group>"; };
/* End PBXFileReference section */

/* Begin PBXFrameworksBuildPhase section */
		859D23D31F8E16EE00AF8EDC /* Frameworks */ = {
			isa = PBXFrameworksBuildPhase;
			buildActionMask = 2147483647;
			files = (
			);
			runOnlyForDeploymentPostprocessing = 0;
		};
		859D23EB1F8E16EE00AF8EDC /* Frameworks */ = {
			isa = PBXFrameworksBuildPhase;
			buildActionMask = 2147483647;
			files = (
			);
			runOnlyForDeploymentPostprocessing = 0;
		};
		859D23F61F8E16EE00AF8EDC /* Frameworks */ = {
			isa = PBXFrameworksBuildPhase;
			buildActionMask = 2147483647;
			files = (
			);
			runOnlyForDeploymentPostprocessing = 0;
		};
/* End PBXFrameworksBuildPhase section */

/* Begin PBXGroup section */
		859D23CD1F8E16EE00AF8EDC = {
			isa = PBXGroup;
			children = (
				859D23D81F8E16EE00AF8EDC /* try2 */,
				859D23F11F8E16EE00AF8EDC /* try2Tests */,
				859D23FC1F8E16EE00AF8EDC /* try2UITests */,
				859D23D71F8E16EE00AF8EDC /* Products */,
			);
			sourceTree = "<group>";
		};
		859D23D71F8E16EE00AF8EDC /* Products */ = {
			isa = PBXGroup;
			children = (
				859D23D61F8E16EE00AF8EDC /* try2.app */,
				859D23EE1F8E16EE00AF8EDC /* try2Tests.xctest */,
				859D23F91F8E16EE00AF8EDC /* try2UITests.xctest */,
			);
			name = Products;
			sourceTree = "<group>";
		};
		859D23D81F8E16EE00AF8EDC /* try2 */ = {
			isa = PBXGroup;
			children = (
				859D23D91F8E16EE00AF8EDC /* AppDelegate.h */,
				859D23DA1F8E16EE00AF8EDC /* AppDelegate.m */,
				859D23DC1F8E16EE00AF8EDC /* ViewController.h */,
				859D23DD1F8E16EE00AF8EDC /* ViewController.m */,
				859D23DF1F8E16EE00AF8EDC /* Main.storyboard */,
				859D23E21F8E16EE00AF8EDC /* Assets.xcassets */,
				859D23E41F8E16EE00AF8EDC /* LaunchScreen.storyboard */,
				859D23E71F8E16EE00AF8EDC /* Info.plist */,
				859D23E81F8E16EE00AF8EDC /* main.m */,
			);
			path = try2;
			sourceTree = "<group>";
		};
		859D23F11F8E16EE00AF8EDC /* try2Tests */ = {
			isa = PBXGroup;
			children = (
				859D23F21F8E16EE00AF8EDC /* try2Tests.m */,
				859D23F41F8E16EE00AF8EDC /* Info.plist */,
			);
			path = try2Tests;
			sourceTree = "<group>";
		};
		859D23FC1F8E16EE00AF8EDC /* try2UITests */ = {
			isa = PBXGroup;
			children = (
				859D23FD1F8E16EE00AF8EDC /* try2UITests.m */,
				859D23FF1F8E16EE00AF8EDC /* Info.plist */,
			);
			path = try2UITests;
			sourceTree = "<group>";
		};
/* End PBXGroup section */

/* Begin PBXNativeTarget section */
		859D23D51F8E16EE00AF8EDC /* try2 */ = {
			isa = PBXNativeTarget;
			buildConfigurationList = 859D24021F8E16EE00AF8EDC /* Build configuration list for PBXNativeTarget "try2" */;
			buildPhases = (
				859D23D21F8E16EE00AF8EDC /* Sources */,
				859D23D31F8E16EE00AF8EDC /* Frameworks */,
				859D23D41F8E16EE00AF8EDC /* Resources */,
			);
			buildRules = (
			);
			dependencies = (
			);
			name = try2;
			productName = try2;
			productReference = 859D23D61F8E16EE00AF8EDC /* try2.app */;
			productType = "com.apple.product-type.application";
		};
		859D23ED1F8E16EE00AF8EDC /* try2Tests */ = {
			isa = PBXNativeTarget;
			buildConfigurationList = 859D24051F8E16EE00AF8EDC /* Build configuration list for PBXNativeTarget "try2Tests" */;
			buildPhases = (
				859D23EA1F8E16EE00AF8EDC /* Sources */,
				859D23EB1F8E16EE00AF8EDC /* Frameworks */,
				859D23EC1F8E16EE00AF8EDC /* Resources */,
			);
			buildRules = (
			);
			dependencies = (
				859D23F01F8E16EE00AF8EDC /* PBXTargetDependency */,
			);
			name = try2Tests;
			productName = try2Tests;
			productReference = 859D23EE1F8E16EE00AF8EDC /* try2Tests.xctest */;
			productType = "com.apple.product-type.bundle.unit-test";
		};
		859D23F81F8E16EE00AF8EDC /* try2UITests */ = {
			isa = PBXNativeTarget;
			buildConfigurationList = 859D24081F8E16EE00AF8EDC /* Build configuration list for PBXNativeTarget "try2UITests" */;
			buildPhases = (
				859D23F51F8E16EE00AF8EDC /* Sources */,
				859D23F61F8E16EE00AF8EDC /* Frameworks */,
				859D23F71F8E16EE00AF8EDC /* Resources */,
			);
			buildRules = (
			);
			dependencies = (
				859D23FB1F8E16EE00AF8EDC /* PBXTargetDependency */,
			);
			name = try2UITests;
			productName = try2UITests;
			productReference = 859D23F91F8E16EE00AF8EDC /* try2UITests.xctest */;
			productType = "com.apple.product-type.bundle.ui-testing";
		};
/* End PBXNativeTarget section */

/* Begin PBXProject section */
		859D23CE1F8E16EE00AF8EDC /* Project object */ = {
			isa = PBXProject;
			attributes = {
				LastUpgradeCheck = 0900;
				ORGANIZATIONNAME = YJGX;
				TargetAttributes = {
					859D23D51F8E16EE00AF8EDC = {
						CreatedOnToolsVersion = 9.0;
						ProvisioningStyle = Automatic;
					};
					859D23ED1F8E16EE00AF8EDC = {
						CreatedOnToolsVersion = 9.0;
						ProvisioningStyle = Automatic;
						TestTargetID = 859D23D51F8E16EE00AF8EDC;
					};
					859D23F81F8E16EE00AF8EDC = {
						CreatedOnToolsVersion = 9.0;
						ProvisioningStyle = Automatic;
						TestTargetID = 859D23D51F8E16EE00AF8EDC;
					};
				};
			};
			buildConfigurationList = 859D23D11F8E16EE00AF8EDC /* Build configuration list for PBXProject "try2" */;
			compatibilityVersion = "Xcode 8.0";
			developmentRegion = en;
			hasScannedForEncodings = 0;
			knownRegions = (
				en,
				Base,
			);
			mainGroup = 859D23CD1F8E16EE00AF8EDC;
			productRefGroup = 859D23D71F8E16EE00AF8EDC /* Products */;
			projectDirPath = "";
			projectRoot = "";
			targets = (
				859D23D51F8E16EE00AF8EDC /* try2 */,
				859D23ED1F8E16EE00AF8EDC /* try2Tests */,
				859D23F81F8E16EE00AF8EDC /* try2UITests */,
			);
		};
/* End PBXProject section */

/* Begin PBXResourcesBuildPhase section */
		859D23D41F8E16EE00AF8EDC /* Resources */ = {
			isa = PBXResourcesBuildPhase;
			buildActionMask = 2147483647;
			files = (
				859D23E61F8E16EE00AF8EDC /* LaunchScreen.storyboard in Resources */,
				859D23E31F8E16EE00AF8EDC /* Assets.xcassets in Resources */,
				859D23E11F8E16EE00AF8EDC /* Main.storyboard in Resources */,
			);
			runOnlyForDeploymentPostprocessing = 0;
		};
		859D23EC1F8E16EE00AF8EDC /* Resources */ = {
			isa = PBXResourcesBuildPhase;
			buildActionMask = 2147483647;
			files = (
			);
			runOnlyForDeploymentPostprocessing = 0;
		};
		859D23F71F8E16EE00AF8EDC /* Resources */ = {
			isa = PBXResourcesBuildPhase;
			buildActionMask = 2147483647;
			files = (
			);
			runOnlyForDeploymentPostprocessing = 0;
		};
/* End PBXResourcesBuildPhase section */

/* Begin PBXSourcesBuildPhase section */
		859D23D21F8E16EE00AF8EDC /* Sources */ = {
			isa = PBXSourcesBuildPhase;
			buildActionMask = 2147483647;
			files = (
				859D23DE1F8E16EE00AF8EDC /* ViewController.m in Sources */,
				859D23E91F8E16EE00AF8EDC /* main.m in Sources */,
				859D23DB1F8E16EE00AF8EDC /* AppDelegate.m in Sources */,
			);
			runOnlyForDeploymentPostprocessing = 0;
		};
		859D23EA1F8E16EE00AF8EDC /* Sources */ = {
			isa = PBXSourcesBuildPhase;
			buildActionMask = 2147483647;
			files = (
				859D23F31F8E16EE00AF8EDC /* try2Tests.m in Sources */,
			);
			runOnlyForDeploymentPostprocessing = 0;
		};
		859D23F51F8E16EE00AF8EDC /* Sources */ = {
			isa = PBXSourcesBuildPhase;
			buildActionMask = 2147483647;
			files = (
				859D23FE1F8E16EE00AF8EDC /* try2UITests.m in Sources */,
			);
			runOnlyForDeploymentPostprocessing = 0;
		};
/* End PBXSourcesBuildPhase section */

/* Begin PBXTargetDependency section */
		859D23F01F8E16EE00AF8EDC /* PBXTargetDependency */ = {
			isa = PBXTargetDependency;
			target = 859D23D51F8E16EE00AF8EDC /* try2 */;
			targetProxy = 859D23EF1F8E16EE00AF8EDC /* PBXContainerItemProxy */;
		};
		859D23FB1F8E16EE00AF8EDC /* PBXTargetDependency */ = {
			isa = PBXTargetDependency;
			target = 859D23D51F8E16EE00AF8EDC /* try2 */;
			targetProxy = 859D23FA1F8E16EE00AF8EDC /* PBXContainerItemProxy */;
		};
/* End PBXTargetDependency section */

/* Begin PBXVariantGroup section */
		859D23DF1F8E16EE00AF8EDC /* Main.storyboard */ = {
			isa = PBXVariantGroup;
			children = (
				859D23E01F8E16EE00AF8EDC /* Base */,
			);
			name = Main.storyboard;
			sourceTree = "<group>";
		};
		859D23E41F8E16EE00AF8EDC /* LaunchScreen.storyboard */ = {
			isa = PBXVariantGroup;
			children = (
				859D23E51F8E16EE00AF8EDC /* Base */,
			);
			name = LaunchScreen.storyboard;
			sourceTree = "<group>";
		};
/* End PBXVariantGroup section */

/* Begin XCBuildConfiguration section */
		859D24001F8E16EE00AF8EDC /* Debug */ = {
			isa = XCBuildConfiguration;
			buildSettings = {
				ALWAYS_SEARCH_USER_PATHS = NO;
				CLANG_ANALYZER_NONNULL = YES;
				CLANG_ANALYZER_NUMBER_OBJECT_CONVERSION = YES_AGGRESSIVE;
				CLANG_CXX_LANGUAGE_STANDARD = "gnu++14";
				CLANG_CXX_LIBRARY = "libc++";
				CLANG_ENABLE_MODULES = YES;
				CLANG_ENABLE_OBJC_ARC = YES;
				CLANG_WARN_BLOCK_CAPTURE_AUTORELEASING = YES;
				CLANG_WARN_BOOL_CONVERSION = YES;
				CLANG_WARN_COMMA = YES;
				CLANG_WARN_CONSTANT_CONVERSION = YES;
				CLANG_WARN_DIRECT_OBJC_ISA_USAGE = YES_ERROR;
				CLANG_WARN_DOCUMENTATION_COMMENTS = YES;
				CLANG_WARN_EMPTY_BODY = YES;
				CLANG_WARN_ENUM_CONVERSION = YES;
				CLANG_WARN_INFINITE_RECURSION = YES;
				CLANG_WARN_INT_CONVERSION = YES;
				CLANG_WARN_NON_LITERAL_NULL_CONVERSION = YES;
				CLANG_WARN_OBJC_LITERAL_CONVERSION = YES;
				CLANG_WARN_OBJC_ROOT_CLASS = YES_ERROR;
				CLANG_WARN_RANGE_LOOP_ANALYSIS = YES;
				CLANG_WARN_STRICT_PROTOTYPES = YES;
				CLANG_WARN_SUSPICIOUS_MOVE = YES;
				CLANG_WARN_UNGUARDED_AVAILABILITY = YES_AGGRESSIVE;
				CLANG_WARN_UNREACHABLE_CODE = YES;
				CLANG_WARN__DUPLICATE_METHOD_MATCH = YES;
				CODE_SIGN_IDENTITY = "iPhone Developer";
				COPY_PHASE_STRIP = NO;
				DEBUG_INFORMATION_FORMAT = dwarf;
				ENABLE_STRICT_OBJC_MSGSEND = YES;
				ENABLE_TESTABILITY = YES;
				GCC_C_LANGUAGE_STANDARD = gnu11;
				GCC_DYNAMIC_NO_PIC = NO;
				GCC_NO_COMMON_BLOCKS = YES;
				GCC_OPTIMIZATION_LEVEL = 0;
				GCC_PREPROCESSOR_DEFINITIONS = (
					"DEBUG=1",
					"$(inherited)",
				);
				GCC_WARN_64_TO_32_BIT_CONVERSION = YES;
				GCC_WARN_ABOUT_RETURN_TYPE = YES_ERROR;
				GCC_WARN_UNDECLARED_SELECTOR = YES;
				GCC_WARN_UNINITIALIZED_AUTOS = YES_AGGRESSIVE;
				GCC_WARN_UNUSED_FUNCTION = YES;
				GCC_WARN_UNUSED_VARIABLE = YES;
				IPHONEOS_DEPLOYMENT_TARGET = 11.0;
				MTL_ENABLE_DEBUG_INFO = YES;
				ONLY_ACTIVE_ARCH = YES;
				SDKROOT = iphoneos;
			};
			name = Debug;
		};
		859D24011F8E16EE00AF8EDC /* Release */ = {
			isa = XCBuildConfiguration;
			buildSettings = {
				ALWAYS_SEARCH_USER_PATHS = NO;
				CLANG_ANALYZER_NONNULL = YES;
				CLANG_ANALYZER_NUMBER_OBJECT_CONVERSION = YES_AGGRESSIVE;
				CLANG_CXX_LANGUAGE_STANDARD = "gnu++14";
				CLANG_CXX_LIBRARY = "libc++";
				CLANG_ENABLE_MODULES = YES;
				CLANG_ENABLE_OBJC_ARC = YES;
				CLANG_WARN_BLOCK_CAPTURE_AUTORELEASING = YES;
				CLANG_WARN_BOOL_CONVERSION = YES;
				CLANG_WARN_COMMA = YES;
				CLANG_WARN_CONSTANT_CONVERSION = YES;
				CLANG_WARN_DIRECT_OBJC_ISA_USAGE = YES_ERROR;
				CLANG_WARN_DOCUMENTATION_COMMENTS = YES;
				CLANG_WARN_EMPTY_BODY = YES;
				CLANG_WARN_ENUM_CONVERSION = YES;
				CLANG_WARN_INFINITE_RECURSION = YES;
				CLANG_WARN_INT_CONVERSION = YES;
				CLANG_WARN_NON_LITERAL_NULL_CONVERSION = YES;
				CLANG_WARN_OBJC_LITERAL_CONVERSION = YES;
				CLANG_WARN_OBJC_ROOT_CLASS = YES_ERROR;
				CLANG_WARN_RANGE_LOOP_ANALYSIS = YES;
				CLANG_WARN_STRICT_PROTOTYPES = YES;
				CLANG_WARN_SUSPICIOUS_MOVE = YES;
				CLANG_WARN_UNGUARDED_AVAILABILITY = YES_AGGRESSIVE;
				CLANG_WARN_UNREACHABLE_CODE = YES;
				CLANG_WARN__DUPLICATE_METHOD_MATCH = YES;
				CODE_SIGN_IDENTITY = "iPhone Developer";
				COPY_PHASE_STRIP = NO;
				DEBUG_INFORMATION_FORMAT = "dwarf-with-dsym";
				ENABLE_NS_ASSERTIONS = NO;
				ENABLE_STRICT_OBJC_MSGSEND = YES;
				GCC_C_LANGUAGE_STANDARD = gnu11;
				GCC_NO_COMMON_BLOCKS = YES;
				GCC_WARN_64_TO_32_BIT_CONVERSION = YES;
				GCC_WARN_ABOUT_RETURN_TYPE = YES_ERROR;
				GCC_WARN_UNDECLARED_SELECTOR = YES;
				GCC_WARN_UNINITIALIZED_AUTOS = YES_AGGRESSIVE;
				GCC_WARN_UNUSED_FUNCTION = YES;
				GCC_WARN_UNUSED_VARIABLE = YES;
				IPHONEOS_DEPLOYMENT_TARGET = 11.0;
				MTL_ENABLE_DEBUG_INFO = NO;
				SDKROOT = iphoneos;
				VALIDATE_PRODUCT = YES;
			};
			name = Release;
		};
		859D24031F8E16EE00AF8EDC /* Debug */ = {
			isa = XCBuildConfiguration;
			buildSettings = {
				ASSETCATALOG_COMPILER_APPICON_NAME = AppIcon;
				CODE_SIGN_STYLE = Automatic;
				DEVELOPMENT_TEAM = W7P3U25822;
				INFOPLIST_FILE = try2/Info.plist;
				LD_RUNPATH_SEARCH_PATHS = "$(inherited) @executable_path/Frameworks";
				PRODUCT_BUNDLE_IDENTIFIER = YJ.try2;
				PRODUCT_NAME = "$(TARGET_NAME)";
				TARGETED_DEVICE_FAMILY = "1,2";
			};
			name = Debug;
		};
		859D24041F8E16EE00AF8EDC /* Release */ = {
			isa = XCBuildConfiguration;
			buildSettings = {
				ASSETCATALOG_COMPILER_APPICON_NAME = AppIcon;
				CODE_SIGN_STYLE = Automatic;
				DEVELOPMENT_TEAM = W7P3U25822;
				INFOPLIST_FILE = try2/Info.plist;
				LD_RUNPATH_SEARCH_PATHS = "$(inherited) @executable_path/Frameworks";
				PRODUCT_BUNDLE_IDENTIFIER = YJ.try2;
				PRODUCT_NAME = "$(TARGET_NAME)";
				TARGETED_DEVICE_FAMILY = "1,2";
			};
			name = Release;
		};
		859D24061F8E16EE00AF8EDC /* Debug */ = {
			isa = XCBuildConfiguration;
			buildSettings = {
				BUNDLE_LOADER = "$(TEST_HOST)";
				CODE_SIGN_STYLE = Automatic;
				DEVELOPMENT_TEAM = W7P3U25822;
				INFOPLIST_FILE = try2Tests/Info.plist;
				LD_RUNPATH_SEARCH_PATHS = "$(inherited) @executable_path/Frameworks @loader_path/Frameworks";
				PRODUCT_BUNDLE_IDENTIFIER = YJ.try2Tests;
				PRODUCT_NAME = "$(TARGET_NAME)";
				TARGETED_DEVICE_FAMILY = "1,2";
				TEST_HOST = "$(BUILT_PRODUCTS_DIR)/try2.app/try2";
			};
			name = Debug;
		};
		859D24071F8E16EE00AF8EDC /* Release */ = {
			isa = XCBuildConfiguration;
			buildSettings = {
				BUNDLE_LOADER = "$(TEST_HOST)";
				CODE_SIGN_STYLE = Automatic;
				DEVELOPMENT_TEAM = W7P3U25822;
				INFOPLIST_FILE = try2Tests/Info.plist;
				LD_RUNPATH_SEARCH_PATHS = "$(inherited) @executable_path/Frameworks @loader_path/Frameworks";
				PRODUCT_BUNDLE_IDENTIFIER = YJ.try2Tests;
				PRODUCT_NAME = "$(TARGET_NAME)";
				TARGETED_DEVICE_FAMILY = "1,2";
				TEST_HOST = "$(BUILT_PRODUCTS_DIR)/try2.app/try2";
			};
			name = Release;
		};
		859D24091F8E16EE00AF8EDC /* Debug */ = {
			isa = XCBuildConfiguration;
			buildSettings = {
				CODE_SIGN_STYLE = Automatic;
				DEVELOPMENT_TEAM = W7P3U25822;
				INFOPLIST_FILE = try2UITests/Info.plist;
				LD_RUNPATH_SEARCH_PATHS = "$(inherited) @executable_path/Frameworks @loader_path/Frameworks";
				PRODUCT_BUNDLE_IDENTIFIER = YJ.try2UITests;
				PRODUCT_NAME = "$(TARGET_NAME)";
				TARGETED_DEVICE_FAMILY = "1,2";
				TEST_TARGET_NAME = try2;
			};
			name = Debug;
		};
		859D240A1F8E16EE00AF8EDC /* Release */ = {
			isa = XCBuildConfiguration;
			buildSettings = {
				CODE_SIGN_STYLE = Automatic;
				DEVELOPMENT_TEAM = W7P3U25822;
				INFOPLIST_FILE = try2UITests/Info.plist;
				LD_RUNPATH_SEARCH_PATHS = "$(inherited) @executable_path/Frameworks @loader_path/Frameworks";
				PRODUCT_BUNDLE_IDENTIFIER = YJ.try2UITests;
				PRODUCT_NAME = "$(TARGET_NAME)";
				TARGETED_DEVICE_FAMILY = "1,2";
				TEST_TARGET_NAME = try2;
			};
			name = Release;
		};
/* End XCBuildConfiguration section */

/* Begin XCConfigurationList section */
		859D23D11F8E16EE00AF8EDC /* Build configuration list for PBXProject "try2" */ = {
			isa = XCConfigurationList;
			buildConfigurations = (
				859D24001F8E16EE00AF8EDC /* Debug */,
				859D24011F8E16EE00AF8EDC /* Release */,
			);
			defaultConfigurationIsVisible = 0;
			defaultConfigurationName = Release;
		};
		859D24021F8E16EE00AF8EDC /* Build configuration list for PBXNativeTarget "try2" */ = {
			isa = XCConfigurationList;
			buildConfigurations = (
				859D24031F8E16EE00AF8EDC /* Debug */,
				859D24041F8E16EE00AF8EDC /* Release */,
			);
			defaultConfigurationIsVisible = 0;
			defaultConfigurationName = Release;
		};
		859D24051F8E16EE00AF8EDC /* Build configuration list for PBXNativeTarget "try2Tests" */ = {
			isa = XCConfigurationList;
			buildConfigurations = (
				859D24061F8E16EE00AF8EDC /* Debug */,
				859D24071F8E16EE00AF8EDC /* Release */,
			);
			defaultConfigurationIsVisible = 0;
			defaultConfigurationName = Release;
		};
		859D24081F8E16EE00AF8EDC /* Build configuration list for PBXNativeTarget "try2UITests" */ = {
			isa = XCConfigurationList;
			buildConfigurations = (
				859D24091F8E16EE00AF8EDC /* Debug */,
				859D240A1F8E16EE00AF8EDC /* Release */,
			);
			defaultConfigurationIsVisible = 0;
			defaultConfigurationName = Release;
		};
/* End XCConfigurationList section */
	};
	rootObject = 859D23CE1F8E16EE00AF8EDC /* Project object */;
}
